
Microsoft Visual Studio Solution File, Format Version 12.00
# Visual Studio Version 16
VisualStudioVersion = 16.0.32228.343
MinimumVisualStudioVersion = 10.0.40219.1
Project("{FAE04EC0-301F-11D3-BF4B-00C04F79EFBC}") = "LogicaIncidencias", "LogicaIncidencias.csproj", "{95C3AE5F-CD59-4B0A-91F9-A730260ADEFA}"
EndProject
Project("{FAE04EC0-301F-11D3-BF4B-00C04F79EFBC}") = "IncidenciasProyect", "..\IncidenciasProyect\IncidenciasProyect.csproj", "{949A035E-CAE8-4689-A7B0-49A0A8D3E5D5}"
EndProject
Global
	GlobalSection(SolutionConfigurationPlatforms) = preSolution
		Debug|Any CPU = Debug|Any CPU
		Release|Any CPU = Release|Any CPU
	EndGlobalSection
	GlobalSection(ProjectConfigurationPlatforms) = postSolution
		{95C3AE5F-CD59-4B0A-91F9-A730260ADEFA}.Debug|Any CPU.ActiveCfg = Debug|Any CPU
		{95C3AE5F-CD59-4B0A-91F9-A730260ADEFA}.Debug|Any CPU.Build.0 = Debug|Any CPU
		{95C3AE5F-CD59-4B0A-91F9-A730260ADEFA}.Release|Any CPU.ActiveCfg = Release|Any CPU
		{95C3AE5F-CD59-4B0A-91F9-A730260ADEFA}.Release|Any CPU.Build.0 = Release|Any CPU
		{949A035E-CAE8-4689-A7B0-49A0A8D3E5D5}.Debug|Any CPU.ActiveCfg = Debug|Any CPU
		{949A035E-CAE8-4689-A7B0-49A0A8D3E5D5}.Debug|Any CPU.Build.0 = Debug|Any CPU
		{949A035E-CAE8-4689-A7B0-49A0A8D3E5D5}.Release|Any CPU.ActiveCfg = Release|Any CPU
		{949A035E-CAE8-4689-A7B0-49A0A8D3E5D5}.Release|Any CPU.Build.0 = Release|Any CPU
	EndGlobalSection
	GlobalSection(SolutionProperties) = preSolution
		HideSolutionNode = FALSE
	EndGlobalSection
	GlobalSection(ExtensibilityGlobals) = postSolution
		SolutionGuid = {9A3A1408-BC0F-4511-A486-649943DBC4A4}
	EndGlobalSection
EndGlobal
